<?xml version="1.0" encoding="utf-8"?>
<Project ToolsVersion="4.0" xmlns="http://schemas.microsoft.com/developer/msbuild/2003">
  <ItemGroup>
    <Filter Include="main">
      <UniqueIdentifier>{b5aba1a5-bd60-4b6e-8047-3ea3fce322f1}</UniqueIdentifier>
    </Filter>
  </ItemGroup>
  <ItemGroup>
    <ClCompile Include="main2.cpp">
      <Filter>main</Filter>
    </ClCompile>
  </ItemGroup>
</Project>